
Microsoft Visual Studio Solution File, Format Version 12.00
# Visual Studio Version 16
VisualStudioVersion = 16.0.31515.178
MinimumVisualStudioVersion = 10.0.40219.1
Project("{FAE04EC0-301F-11D3-BF4B-00C04F79EFBC}") = "WPF_Lab9", "WPF_Lab9\WPF_Lab9.csproj", "{4183D36C-A5F4-4F71-843D-A361564348AB}"
EndProject
Global
	GlobalSection(SolutionConfigurationPlatforms) = preSolution
		Debug|Any CPU = Debug|Any CPU
		Release|Any CPU = Release|Any CPU
	EndGlobalSection
	GlobalSection(ProjectConfigurationPlatforms) = postSolution
		{4183D36C-A5F4-4F71-843D-A361564348AB}.Debug|Any CPU.ActiveCfg = Debug|Any CPU
		{4183D36C-A5F4-4F71-843D-A361564348AB}.Debug|Any CPU.Build.0 = Debug|Any CPU
		{4183D36C-A5F4-4F71-843D-A361564348AB}.Release|Any CPU.ActiveCfg = Release|Any CPU
		{4183D36C-A5F4-4F71-843D-A361564348AB}.Release|Any CPU.Build.0 = Release|Any CPU
	EndGlobalSection
	GlobalSection(SolutionProperties) = preSolution
		HideSolutionNode = FALSE
	EndGlobalSection
	GlobalSection(ExtensibilityGlobals) = postSolution
		SolutionGuid = {B54621AC-AA27-4EFD-A5E0-1A4374B5650C}
	EndGlobalSection
EndGlobal
