
Microsoft Visual Studio Solution File, Format Version 12.00
# Visual Studio Version 16
VisualStudioVersion = 16.0.31205.134
MinimumVisualStudioVersion = 10.0.40219.1
Project("{FAE04EC0-301F-11D3-BF4B-00C04F79EFBC}") = "WPF_Laba7-test", "WPF_Laba7-test\WPF_Laba7-test.csproj", "{6C403B2B-3336-4371-90E2-D5C81A87D510}"
EndProject
Global
	GlobalSection(SolutionConfigurationPlatforms) = preSolution
		Debug|Any CPU = Debug|Any CPU
		Release|Any CPU = Release|Any CPU
	EndGlobalSection
	GlobalSection(ProjectConfigurationPlatforms) = postSolution
		{6C403B2B-3336-4371-90E2-D5C81A87D510}.Debug|Any CPU.ActiveCfg = Debug|Any CPU
		{6C403B2B-3336-4371-90E2-D5C81A87D510}.Debug|Any CPU.Build.0 = Debug|Any CPU
		{6C403B2B-3336-4371-90E2-D5C81A87D510}.Release|Any CPU.ActiveCfg = Release|Any CPU
		{6C403B2B-3336-4371-90E2-D5C81A87D510}.Release|Any CPU.Build.0 = Release|Any CPU
	EndGlobalSection
	GlobalSection(SolutionProperties) = preSolution
		HideSolutionNode = FALSE
	EndGlobalSection
	GlobalSection(ExtensibilityGlobals) = postSolution
		SolutionGuid = {3943175D-61C2-4C59-B162-6FD485641CCB}
	EndGlobalSection
EndGlobal
