
Microsoft Visual Studio Solution File, Format Version 12.00
# Visual Studio Version 16
VisualStudioVersion = 16.0.31515.178
MinimumVisualStudioVersion = 10.0.40219.1
Project("{FAE04EC0-301F-11D3-BF4B-00C04F79EFBC}") = "WPF-lab10.DataLayer", "WPF-lab10.DataLayer\WPF-lab10.DataLayer.csproj", "{1E6F098E-2844-499C-AB04-2C113255D5C5}"
EndProject
Project("{FAE04EC0-301F-11D3-BF4B-00C04F79EFBC}") = "WPF_lab10.BusinessLayer", "..\WPF_lab10.BusinessLayer\WPF_lab10.BusinessLayer.csproj", "{6ED899A3-ABA1-4ADC-A9C3-4CD56072C065}"
EndProject
Project("{FAE04EC0-301F-11D3-BF4B-00C04F79EFBC}") = "lab10", "..\lab10\lab10.csproj", "{ED868F5E-14AA-4A92-84F7-E7CB3BFBDBF7}"
EndProject
Global
	GlobalSection(SolutionConfigurationPlatforms) = preSolution
		Debug|Any CPU = Debug|Any CPU
		Release|Any CPU = Release|Any CPU
	EndGlobalSection
	GlobalSection(ProjectConfigurationPlatforms) = postSolution
		{1E6F098E-2844-499C-AB04-2C113255D5C5}.Debug|Any CPU.ActiveCfg = Debug|Any CPU
		{1E6F098E-2844-499C-AB04-2C113255D5C5}.Debug|Any CPU.Build.0 = Debug|Any CPU
		{1E6F098E-2844-499C-AB04-2C113255D5C5}.Release|Any CPU.ActiveCfg = Release|Any CPU
		{1E6F098E-2844-499C-AB04-2C113255D5C5}.Release|Any CPU.Build.0 = Release|Any CPU
		{6ED899A3-ABA1-4ADC-A9C3-4CD56072C065}.Debug|Any CPU.ActiveCfg = Debug|Any CPU
		{6ED899A3-ABA1-4ADC-A9C3-4CD56072C065}.Debug|Any CPU.Build.0 = Debug|Any CPU
		{6ED899A3-ABA1-4ADC-A9C3-4CD56072C065}.Release|Any CPU.ActiveCfg = Release|Any CPU
		{6ED899A3-ABA1-4ADC-A9C3-4CD56072C065}.Release|Any CPU.Build.0 = Release|Any CPU
		{ED868F5E-14AA-4A92-84F7-E7CB3BFBDBF7}.Debug|Any CPU.ActiveCfg = Debug|Any CPU
		{ED868F5E-14AA-4A92-84F7-E7CB3BFBDBF7}.Debug|Any CPU.Build.0 = Debug|Any CPU
		{ED868F5E-14AA-4A92-84F7-E7CB3BFBDBF7}.Release|Any CPU.ActiveCfg = Release|Any CPU
		{ED868F5E-14AA-4A92-84F7-E7CB3BFBDBF7}.Release|Any CPU.Build.0 = Release|Any CPU
	EndGlobalSection
	GlobalSection(SolutionProperties) = preSolution
		HideSolutionNode = FALSE
	EndGlobalSection
	GlobalSection(ExtensibilityGlobals) = postSolution
		SolutionGuid = {4880EA7E-91F2-4302-8F35-A88155CA2497}
	EndGlobalSection
EndGlobal
