
Microsoft Visual Studio Solution File, Format Version 12.00
# Visual Studio Version 16
VisualStudioVersion = 16.0.31205.134
MinimumVisualStudioVersion = 10.0.40219.1
Project("{FAE04EC0-301F-11D3-BF4B-00C04F79EFBC}") = "SVPP-Lab1-V2", "SVPP-Lab1-V2\SVPP-Lab1-V2.csproj", "{FD050F54-614C-49F7-A5FA-D7947027AE8F}"
EndProject
Global
	GlobalSection(SolutionConfigurationPlatforms) = preSolution
		Debug|Any CPU = Debug|Any CPU
		Release|Any CPU = Release|Any CPU
	EndGlobalSection
	GlobalSection(ProjectConfigurationPlatforms) = postSolution
		{FD050F54-614C-49F7-A5FA-D7947027AE8F}.Debug|Any CPU.ActiveCfg = Debug|Any CPU
		{FD050F54-614C-49F7-A5FA-D7947027AE8F}.Debug|Any CPU.Build.0 = Debug|Any CPU
		{FD050F54-614C-49F7-A5FA-D7947027AE8F}.Release|Any CPU.ActiveCfg = Release|Any CPU
		{FD050F54-614C-49F7-A5FA-D7947027AE8F}.Release|Any CPU.Build.0 = Release|Any CPU
	EndGlobalSection
	GlobalSection(SolutionProperties) = preSolution
		HideSolutionNode = FALSE
	EndGlobalSection
	GlobalSection(ExtensibilityGlobals) = postSolution
		SolutionGuid = {4C168969-CDA8-49DB-A640-565CD8C69CE3}
	EndGlobalSection
EndGlobal
